dependencies:
- name: crds
  repository: ""
  version: 0.0.0
- name: opentelemetry-operator
  repository: https://open-telemetry.github.io/opentelemetry-helm-charts
  version: 0.71.1
- name: kube-state-metrics
  repository: https://prometheus-community.github.io/helm-charts
  version: 5.21.0
- name: prometheus-node-exporter
  repository: https://prometheus-community.github.io/helm-charts
  version: 4.37.3
- name: clickhouse
  repository: ""
  version: 0.0.0
digest: sha256:ad2b4e41d6488806198ec4cd95adaac327e8474e3aafea6f314ccf5237e6f28d
generated: "2025-02-07T11:21:39.146754327+06:00"
